
Microsoft Visual Studio Solution File, Format Version 12.00
# Visual Studio Version 16
VisualStudioVersion = 16.0.29728.190
MinimumVisualStudioVersion = 10.0.40219.1
Project("{FAE04EC0-301F-11D3-BF4B-00C04F79EFBC}") = "PdaApi", "PdaApi\PdaApi.csproj", "{D4514246-BD95-4288-8D39-B7FFEC17E36A}"
EndProject
Global
	GlobalSection(SolutionConfigurationPlatforms) = preSolution
		Debug|Any CPU = Debug|Any CPU
		Release|Any CPU = Release|Any CPU
	EndGlobalSection
	GlobalSection(ProjectConfigurationPlatforms) = postSolution
		{D4514246-BD95-4288-8D39-B7FFEC17E36A}.Debug|Any CPU.ActiveCfg = Debug|Any CPU
		{D4514246-BD95-4288-8D39-B7FFEC17E36A}.Debug|Any CPU.Build.0 = Debug|Any CPU
		{D4514246-BD95-4288-8D39-B7FFEC17E36A}.Release|Any CPU.ActiveCfg = Release|Any CPU
		{D4514246-BD95-4288-8D39-B7FFEC17E36A}.Release|Any CPU.Build.0 = Release|Any CPU
	EndGlobalSection
	GlobalSection(SolutionProperties) = preSolution
		HideSolutionNode = FALSE
	EndGlobalSection
	GlobalSection(ExtensibilityGlobals) = postSolution
		SolutionGuid = {3FEEEFA0-E6A3-46AB-A2E8-490A283FEF2E}
	EndGlobalSection
EndGlobal
